
Microsoft Visual Studio Solution File, Format Version 12.00
# Visual Studio Version 17
VisualStudioVersion = 17.11.35327.3
MinimumVisualStudioVersion = 10.0.40219.1
Project("{FAE04EC0-301F-11D3-BF4B-00C04F79EFBC}") = "ví dụ về in hoa , số , space", "ví dụ về in hoa , số , space.csproj", "{0F8BD452-E06B-4564-8B8A-C5CC9B1E5203}"
EndProject
Global
	GlobalSection(SolutionConfigurationPlatforms) = preSolution
		Debug|Any CPU = Debug|Any CPU
		Release|Any CPU = Release|Any CPU
	EndGlobalSection
	GlobalSection(ProjectConfigurationPlatforms) = postSolution
		{0F8BD452-E06B-4564-8B8A-C5CC9B1E5203}.Debug|Any CPU.ActiveCfg = Debug|Any CPU
		{0F8BD452-E06B-4564-8B8A-C5CC9B1E5203}.Debug|Any CPU.Build.0 = Debug|Any CPU
		{0F8BD452-E06B-4564-8B8A-C5CC9B1E5203}.Release|Any CPU.ActiveCfg = Release|Any CPU
		{0F8BD452-E06B-4564-8B8A-C5CC9B1E5203}.Release|Any CPU.Build.0 = Release|Any CPU
	EndGlobalSection
	GlobalSection(SolutionProperties) = preSolution
		HideSolutionNode = FALSE
	EndGlobalSection
	GlobalSection(ExtensibilityGlobals) = postSolution
		SolutionGuid = {1CF49ABB-665B-4DC8-80DE-9946F651935D}
	EndGlobalSection
EndGlobal
