
Microsoft Visual Studio Solution File, Format Version 12.00
# Visual Studio Version 17
VisualStudioVersion = 17.11.35327.3
MinimumVisualStudioVersion = 10.0.40219.1
Project("{FAE04EC0-301F-11D3-BF4B-00C04F79EFBC}") = "bài tập tổng tbc chuỗi", "bài tập tổng tbc chuỗi.csproj", "{1B5CCEF4-85AF-451F-B066-E5AE95D56B73}"
EndProject
Global
	GlobalSection(SolutionConfigurationPlatforms) = preSolution
		Debug|Any CPU = Debug|Any CPU
		Release|Any CPU = Release|Any CPU
	EndGlobalSection
	GlobalSection(ProjectConfigurationPlatforms) = postSolution
		{1B5CCEF4-85AF-451F-B066-E5AE95D56B73}.Debug|Any CPU.ActiveCfg = Debug|Any CPU
		{1B5CCEF4-85AF-451F-B066-E5AE95D56B73}.Debug|Any CPU.Build.0 = Debug|Any CPU
		{1B5CCEF4-85AF-451F-B066-E5AE95D56B73}.Release|Any CPU.ActiveCfg = Release|Any CPU
		{1B5CCEF4-85AF-451F-B066-E5AE95D56B73}.Release|Any CPU.Build.0 = Release|Any CPU
	EndGlobalSection
	GlobalSection(SolutionProperties) = preSolution
		HideSolutionNode = FALSE
	EndGlobalSection
	GlobalSection(ExtensibilityGlobals) = postSolution
		SolutionGuid = {ED5C7566-ED14-4A0B-B58B-A596B8B9ADBE}
	EndGlobalSection
EndGlobal
