
Microsoft Visual Studio Solution File, Format Version 12.00
# Visual Studio Version 17
VisualStudioVersion = 17.11.35327.3
MinimumVisualStudioVersion = 10.0.40219.1
Project("{FAE04EC0-301F-11D3-BF4B-00C04F79EFBC}") = "chu vi dien tich hinh chu nhat", "chu vi dien tich hinh chu nhat.csproj", "{89E52BF7-D5FD-4290-9682-350C6AA584D4}"
EndProject
Global
	GlobalSection(SolutionConfigurationPlatforms) = preSolution
		Debug|Any CPU = Debug|Any CPU
		Release|Any CPU = Release|Any CPU
	EndGlobalSection
	GlobalSection(ProjectConfigurationPlatforms) = postSolution
		{89E52BF7-D5FD-4290-9682-350C6AA584D4}.Debug|Any CPU.ActiveCfg = Debug|Any CPU
		{89E52BF7-D5FD-4290-9682-350C6AA584D4}.Debug|Any CPU.Build.0 = Debug|Any CPU
		{89E52BF7-D5FD-4290-9682-350C6AA584D4}.Release|Any CPU.ActiveCfg = Release|Any CPU
		{89E52BF7-D5FD-4290-9682-350C6AA584D4}.Release|Any CPU.Build.0 = Release|Any CPU
	EndGlobalSection
	GlobalSection(SolutionProperties) = preSolution
		HideSolutionNode = FALSE
	EndGlobalSection
	GlobalSection(ExtensibilityGlobals) = postSolution
		SolutionGuid = {957B0E96-BA6F-42CC-A3BD-819419D5690E}
	EndGlobalSection
EndGlobal
