
Microsoft Visual Studio Solution File, Format Version 12.00
# Visual Studio Version 17
VisualStudioVersion = 17.11.35327.3
MinimumVisualStudioVersion = 10.0.40219.1
Project("{FAE04EC0-301F-11D3-BF4B-00C04F79EFBC}") = "String", "String.csproj", "{2B4AB2A4-8CAE-4CB2-9074-91BE011B4805}"
EndProject
Global
	GlobalSection(SolutionConfigurationPlatforms) = preSolution
		Debug|Any CPU = Debug|Any CPU
		Release|Any CPU = Release|Any CPU
	EndGlobalSection
	GlobalSection(ProjectConfigurationPlatforms) = postSolution
		{2B4AB2A4-8CAE-4CB2-9074-91BE011B4805}.Debug|Any CPU.ActiveCfg = Debug|Any CPU
		{2B4AB2A4-8CAE-4CB2-9074-91BE011B4805}.Debug|Any CPU.Build.0 = Debug|Any CPU
		{2B4AB2A4-8CAE-4CB2-9074-91BE011B4805}.Release|Any CPU.ActiveCfg = Release|Any CPU
		{2B4AB2A4-8CAE-4CB2-9074-91BE011B4805}.Release|Any CPU.Build.0 = Release|Any CPU
	EndGlobalSection
	GlobalSection(SolutionProperties) = preSolution
		HideSolutionNode = FALSE
	EndGlobalSection
	GlobalSection(ExtensibilityGlobals) = postSolution
		SolutionGuid = {31C560DA-F83B-4CB8-A9D3-636219B7FE9E}
	EndGlobalSection
EndGlobal
