
Microsoft Visual Studio Solution File, Format Version 12.00
# Visual Studio Version 17
VisualStudioVersion = 17.11.35327.3
MinimumVisualStudioVersion = 10.0.40219.1
Project("{FAE04EC0-301F-11D3-BF4B-00C04F79EFBC}") = "ConsoleApp1", "ConsoleApp1.csproj", "{B3914ED5-4D18-4C7D-A4B4-FE0C4075C27A}"
EndProject
Global
	GlobalSection(SolutionConfigurationPlatforms) = preSolution
		Debug|Any CPU = Debug|Any CPU
		Release|Any CPU = Release|Any CPU
	EndGlobalSection
	GlobalSection(ProjectConfigurationPlatforms) = postSolution
		{B3914ED5-4D18-4C7D-A4B4-FE0C4075C27A}.Debug|Any CPU.ActiveCfg = Debug|Any CPU
		{B3914ED5-4D18-4C7D-A4B4-FE0C4075C27A}.Debug|Any CPU.Build.0 = Debug|Any CPU
		{B3914ED5-4D18-4C7D-A4B4-FE0C4075C27A}.Release|Any CPU.ActiveCfg = Release|Any CPU
		{B3914ED5-4D18-4C7D-A4B4-FE0C4075C27A}.Release|Any CPU.Build.0 = Release|Any CPU
	EndGlobalSection
	GlobalSection(SolutionProperties) = preSolution
		HideSolutionNode = FALSE
	EndGlobalSection
	GlobalSection(ExtensibilityGlobals) = postSolution
		SolutionGuid = {7641EA07-B9BD-4106-ABB4-84721D9F7466}
	EndGlobalSection
EndGlobal
