
Microsoft Visual Studio Solution File, Format Version 12.00
# Visual Studio Version 17
VisualStudioVersion = 17.11.35327.3
MinimumVisualStudioVersion = 10.0.40219.1
Project("{FAE04EC0-301F-11D3-BF4B-00C04F79EFBC}") = "bai10", "bai10.csproj", "{E332C0C2-9F99-491F-A528-CDD7AADB66EC}"
EndProject
Global
	GlobalSection(SolutionConfigurationPlatforms) = preSolution
		Debug|Any CPU = Debug|Any CPU
		Release|Any CPU = Release|Any CPU
	EndGlobalSection
	GlobalSection(ProjectConfigurationPlatforms) = postSolution
		{E332C0C2-9F99-491F-A528-CDD7AADB66EC}.Debug|Any CPU.ActiveCfg = Debug|Any CPU
		{E332C0C2-9F99-491F-A528-CDD7AADB66EC}.Debug|Any CPU.Build.0 = Debug|Any CPU
		{E332C0C2-9F99-491F-A528-CDD7AADB66EC}.Release|Any CPU.ActiveCfg = Release|Any CPU
		{E332C0C2-9F99-491F-A528-CDD7AADB66EC}.Release|Any CPU.Build.0 = Release|Any CPU
	EndGlobalSection
	GlobalSection(SolutionProperties) = preSolution
		HideSolutionNode = FALSE
	EndGlobalSection
	GlobalSection(ExtensibilityGlobals) = postSolution
		SolutionGuid = {18BCF2C7-D839-4CEA-8702-F0051BE14741}
	EndGlobalSection
EndGlobal
