
Microsoft Visual Studio Solution File, Format Version 12.00
# Visual Studio Version 17
VisualStudioVersion = 17.11.35327.3
MinimumVisualStudioVersion = 10.0.40219.1
Project("{FAE04EC0-301F-11D3-BF4B-00C04F79EFBC}") = "mảng 1 chiều", "mảng 1 chiều.csproj", "{45ECEC06-2ACA-4353-9A82-6DBA29C9B18A}"
EndProject
Global
	GlobalSection(SolutionConfigurationPlatforms) = preSolution
		Debug|Any CPU = Debug|Any CPU
		Release|Any CPU = Release|Any CPU
	EndGlobalSection
	GlobalSection(ProjectConfigurationPlatforms) = postSolution
		{45ECEC06-2ACA-4353-9A82-6DBA29C9B18A}.Debug|Any CPU.ActiveCfg = Debug|Any CPU
		{45ECEC06-2ACA-4353-9A82-6DBA29C9B18A}.Debug|Any CPU.Build.0 = Debug|Any CPU
		{45ECEC06-2ACA-4353-9A82-6DBA29C9B18A}.Release|Any CPU.ActiveCfg = Release|Any CPU
		{45ECEC06-2ACA-4353-9A82-6DBA29C9B18A}.Release|Any CPU.Build.0 = Release|Any CPU
	EndGlobalSection
	GlobalSection(SolutionProperties) = preSolution
		HideSolutionNode = FALSE
	EndGlobalSection
	GlobalSection(ExtensibilityGlobals) = postSolution
		SolutionGuid = {0532C9B4-4D30-4D52-8033-A4CBC93DDF0C}
	EndGlobalSection
EndGlobal
