
Microsoft Visual Studio Solution File, Format Version 12.00
# Visual Studio Version 17
VisualStudioVersion = 17.11.35327.3
MinimumVisualStudioVersion = 10.0.40219.1
Project("{FAE04EC0-301F-11D3-BF4B-00C04F79EFBC}") = "random", "random.csproj", "{72434B14-AAAB-4B71-B84B-B270B6902125}"
EndProject
Global
	GlobalSection(SolutionConfigurationPlatforms) = preSolution
		Debug|Any CPU = Debug|Any CPU
		Release|Any CPU = Release|Any CPU
	EndGlobalSection
	GlobalSection(ProjectConfigurationPlatforms) = postSolution
		{72434B14-AAAB-4B71-B84B-B270B6902125}.Debug|Any CPU.ActiveCfg = Debug|Any CPU
		{72434B14-AAAB-4B71-B84B-B270B6902125}.Debug|Any CPU.Build.0 = Debug|Any CPU
		{72434B14-AAAB-4B71-B84B-B270B6902125}.Release|Any CPU.ActiveCfg = Release|Any CPU
		{72434B14-AAAB-4B71-B84B-B270B6902125}.Release|Any CPU.Build.0 = Release|Any CPU
	EndGlobalSection
	GlobalSection(SolutionProperties) = preSolution
		HideSolutionNode = FALSE
	EndGlobalSection
	GlobalSection(ExtensibilityGlobals) = postSolution
		SolutionGuid = {A8F4A0BF-2F7D-46AA-936A-F090AC144A44}
	EndGlobalSection
EndGlobal
