
Microsoft Visual Studio Solution File, Format Version 12.00
# Visual Studio Version 17
VisualStudioVersion = 17.11.35327.3
MinimumVisualStudioVersion = 10.0.40219.1
Project("{FAE04EC0-301F-11D3-BF4B-00C04F79EFBC}") = "Thay màu text hiển trị", "Thay màu text hiển trị.csproj", "{D922E454-089E-4C24-B261-AD3A6E00508C}"
EndProject
Global
	GlobalSection(SolutionConfigurationPlatforms) = preSolution
		Debug|Any CPU = Debug|Any CPU
		Release|Any CPU = Release|Any CPU
	EndGlobalSection
	GlobalSection(ProjectConfigurationPlatforms) = postSolution
		{D922E454-089E-4C24-B261-AD3A6E00508C}.Debug|Any CPU.ActiveCfg = Debug|Any CPU
		{D922E454-089E-4C24-B261-AD3A6E00508C}.Debug|Any CPU.Build.0 = Debug|Any CPU
		{D922E454-089E-4C24-B261-AD3A6E00508C}.Release|Any CPU.ActiveCfg = Release|Any CPU
		{D922E454-089E-4C24-B261-AD3A6E00508C}.Release|Any CPU.Build.0 = Release|Any CPU
	EndGlobalSection
	GlobalSection(SolutionProperties) = preSolution
		HideSolutionNode = FALSE
	EndGlobalSection
	GlobalSection(ExtensibilityGlobals) = postSolution
		SolutionGuid = {37B797D4-C26A-486E-B9A9-D8BF33F7158F}
	EndGlobalSection
EndGlobal
