
Microsoft Visual Studio Solution File, Format Version 12.00
# Visual Studio Version 17
VisualStudioVersion = 17.11.35327.3
MinimumVisualStudioVersion = 10.0.40219.1
Project("{FAE04EC0-301F-11D3-BF4B-00C04F79EFBC}") = "soThuc", "soThuc.csproj", "{730C1DDC-3749-4B53-AB6A-E2F075BD9BD6}"
EndProject
Global
	GlobalSection(SolutionConfigurationPlatforms) = preSolution
		Debug|Any CPU = Debug|Any CPU
		Release|Any CPU = Release|Any CPU
	EndGlobalSection
	GlobalSection(ProjectConfigurationPlatforms) = postSolution
		{730C1DDC-3749-4B53-AB6A-E2F075BD9BD6}.Debug|Any CPU.ActiveCfg = Debug|Any CPU
		{730C1DDC-3749-4B53-AB6A-E2F075BD9BD6}.Debug|Any CPU.Build.0 = Debug|Any CPU
		{730C1DDC-3749-4B53-AB6A-E2F075BD9BD6}.Release|Any CPU.ActiveCfg = Release|Any CPU
		{730C1DDC-3749-4B53-AB6A-E2F075BD9BD6}.Release|Any CPU.Build.0 = Release|Any CPU
	EndGlobalSection
	GlobalSection(SolutionProperties) = preSolution
		HideSolutionNode = FALSE
	EndGlobalSection
	GlobalSection(ExtensibilityGlobals) = postSolution
		SolutionGuid = {C4986AFE-948B-4517-A0C2-955A663591F8}
	EndGlobalSection
EndGlobal
