
Microsoft Visual Studio Solution File, Format Version 12.00
# Visual Studio Version 17
VisualStudioVersion = 17.11.35327.3
MinimumVisualStudioVersion = 10.0.40219.1
Project("{FAE04EC0-301F-11D3-BF4B-00C04F79EFBC}") = "forerach", "forerach.csproj", "{DBDF9AAA-EC4D-4497-9AE8-040E3643F5C6}"
EndProject
Global
	GlobalSection(SolutionConfigurationPlatforms) = preSolution
		Debug|Any CPU = Debug|Any CPU
		Release|Any CPU = Release|Any CPU
	EndGlobalSection
	GlobalSection(ProjectConfigurationPlatforms) = postSolution
		{DBDF9AAA-EC4D-4497-9AE8-040E3643F5C6}.Debug|Any CPU.ActiveCfg = Debug|Any CPU
		{DBDF9AAA-EC4D-4497-9AE8-040E3643F5C6}.Debug|Any CPU.Build.0 = Debug|Any CPU
		{DBDF9AAA-EC4D-4497-9AE8-040E3643F5C6}.Release|Any CPU.ActiveCfg = Release|Any CPU
		{DBDF9AAA-EC4D-4497-9AE8-040E3643F5C6}.Release|Any CPU.Build.0 = Release|Any CPU
	EndGlobalSection
	GlobalSection(SolutionProperties) = preSolution
		HideSolutionNode = FALSE
	EndGlobalSection
	GlobalSection(ExtensibilityGlobals) = postSolution
		SolutionGuid = {258E579B-F817-4279-8CC3-8F27E5CCE920}
	EndGlobalSection
EndGlobal
