
Microsoft Visual Studio Solution File, Format Version 12.00
# Visual Studio Version 17
VisualStudioVersion = 17.11.35327.3
MinimumVisualStudioVersion = 10.0.40219.1
Project("{FAE04EC0-301F-11D3-BF4B-00C04F79EFBC}") = "list", "list.csproj", "{1BE1B580-7001-43EA-B8E0-D7B020C06169}"
EndProject
Global
	GlobalSection(SolutionConfigurationPlatforms) = preSolution
		Debug|Any CPU = Debug|Any CPU
		Release|Any CPU = Release|Any CPU
	EndGlobalSection
	GlobalSection(ProjectConfigurationPlatforms) = postSolution
		{1BE1B580-7001-43EA-B8E0-D7B020C06169}.Debug|Any CPU.ActiveCfg = Debug|Any CPU
		{1BE1B580-7001-43EA-B8E0-D7B020C06169}.Debug|Any CPU.Build.0 = Debug|Any CPU
		{1BE1B580-7001-43EA-B8E0-D7B020C06169}.Release|Any CPU.ActiveCfg = Release|Any CPU
		{1BE1B580-7001-43EA-B8E0-D7B020C06169}.Release|Any CPU.Build.0 = Release|Any CPU
	EndGlobalSection
	GlobalSection(SolutionProperties) = preSolution
		HideSolutionNode = FALSE
	EndGlobalSection
	GlobalSection(ExtensibilityGlobals) = postSolution
		SolutionGuid = {A4377DF5-014A-461F-BE5D-8B27F2DA78F6}
	EndGlobalSection
EndGlobal
