
Microsoft Visual Studio Solution File, Format Version 12.00
# Visual Studio Version 17
VisualStudioVersion = 17.11.35327.3
MinimumVisualStudioVersion = 10.0.40219.1
Project("{FAE04EC0-301F-11D3-BF4B-00C04F79EFBC}") = "viết chương trình chuyển tin nhắn sang mật mã bảng", "viết chương trình chuyển tin nhắn sang mật mã bảng.csproj", "{4EC23FCE-1E0D-4E5A-BB15-5AB4B468E2C4}"
EndProject
Global
	GlobalSection(SolutionConfigurationPlatforms) = preSolution
		Debug|Any CPU = Debug|Any CPU
		Release|Any CPU = Release|Any CPU
	EndGlobalSection
	GlobalSection(ProjectConfigurationPlatforms) = postSolution
		{4EC23FCE-1E0D-4E5A-BB15-5AB4B468E2C4}.Debug|Any CPU.ActiveCfg = Debug|Any CPU
		{4EC23FCE-1E0D-4E5A-BB15-5AB4B468E2C4}.Debug|Any CPU.Build.0 = Debug|Any CPU
		{4EC23FCE-1E0D-4E5A-BB15-5AB4B468E2C4}.Release|Any CPU.ActiveCfg = Release|Any CPU
		{4EC23FCE-1E0D-4E5A-BB15-5AB4B468E2C4}.Release|Any CPU.Build.0 = Release|Any CPU
	EndGlobalSection
	GlobalSection(SolutionProperties) = preSolution
		HideSolutionNode = FALSE
	EndGlobalSection
	GlobalSection(ExtensibilityGlobals) = postSolution
		SolutionGuid = {E1A69EA2-ECCD-4242-88EA-CE3076579BF2}
	EndGlobalSection
EndGlobal
