
Microsoft Visual Studio Solution File, Format Version 12.00
# Visual Studio Version 17
VisualStudioVersion = 17.11.35327.3
MinimumVisualStudioVersion = 10.0.40219.1
Project("{FAE04EC0-301F-11D3-BF4B-00C04F79EFBC}") = "giải phương trình bậc 2", "giải phương trình bậc 2.csproj", "{6793F727-77C2-4666-B4E7-4A9DB0110662}"
EndProject
Global
	GlobalSection(SolutionConfigurationPlatforms) = preSolution
		Debug|Any CPU = Debug|Any CPU
		Release|Any CPU = Release|Any CPU
	EndGlobalSection
	GlobalSection(ProjectConfigurationPlatforms) = postSolution
		{6793F727-77C2-4666-B4E7-4A9DB0110662}.Debug|Any CPU.ActiveCfg = Debug|Any CPU
		{6793F727-77C2-4666-B4E7-4A9DB0110662}.Debug|Any CPU.Build.0 = Debug|Any CPU
		{6793F727-77C2-4666-B4E7-4A9DB0110662}.Release|Any CPU.ActiveCfg = Release|Any CPU
		{6793F727-77C2-4666-B4E7-4A9DB0110662}.Release|Any CPU.Build.0 = Release|Any CPU
	EndGlobalSection
	GlobalSection(SolutionProperties) = preSolution
		HideSolutionNode = FALSE
	EndGlobalSection
	GlobalSection(ExtensibilityGlobals) = postSolution
		SolutionGuid = {CDCF8AC6-5033-4580-95E7-5840E6D511C3}
	EndGlobalSection
EndGlobal
