
Microsoft Visual Studio Solution File, Format Version 12.00
# Visual Studio Version 17
VisualStudioVersion = 17.11.35327.3
MinimumVisualStudioVersion = 10.0.40219.1
Project("{FAE04EC0-301F-11D3-BF4B-00C04F79EFBC}") = "in ra có bao nhiêu số nhỏ hơn 5 và in ra vị trí indexx các số đó", "in ra có bao nhiêu số nhỏ hơn 5 và in ra vị trí indexx các số đó.csproj", "{3B761598-9DEB-476C-B469-22DD572482BE}"
EndProject
Global
	GlobalSection(SolutionConfigurationPlatforms) = preSolution
		Debug|Any CPU = Debug|Any CPU
		Release|Any CPU = Release|Any CPU
	EndGlobalSection
	GlobalSection(ProjectConfigurationPlatforms) = postSolution
		{3B761598-9DEB-476C-B469-22DD572482BE}.Debug|Any CPU.ActiveCfg = Debug|Any CPU
		{3B761598-9DEB-476C-B469-22DD572482BE}.Debug|Any CPU.Build.0 = Debug|Any CPU
		{3B761598-9DEB-476C-B469-22DD572482BE}.Release|Any CPU.ActiveCfg = Release|Any CPU
		{3B761598-9DEB-476C-B469-22DD572482BE}.Release|Any CPU.Build.0 = Release|Any CPU
	EndGlobalSection
	GlobalSection(SolutionProperties) = preSolution
		HideSolutionNode = FALSE
	EndGlobalSection
	GlobalSection(ExtensibilityGlobals) = postSolution
		SolutionGuid = {8C1805D8-5999-446D-BC5B-A9E0E50AE692}
	EndGlobalSection
EndGlobal
