
Microsoft Visual Studio Solution File, Format Version 12.00
# Visual Studio Version 17
VisualStudioVersion = 17.11.35327.3
MinimumVisualStudioVersion = 10.0.40219.1
Project("{FAE04EC0-301F-11D3-BF4B-00C04F79EFBC}") = "bài tập toán tử 3 ngôi xếp loại học lực", "bài tập toán tử 3 ngôi xếp loại học lực.csproj", "{163BD877-DBC5-4F3F-A24E-529B5018715E}"
EndProject
Global
	GlobalSection(SolutionConfigurationPlatforms) = preSolution
		Debug|Any CPU = Debug|Any CPU
		Release|Any CPU = Release|Any CPU
	EndGlobalSection
	GlobalSection(ProjectConfigurationPlatforms) = postSolution
		{163BD877-DBC5-4F3F-A24E-529B5018715E}.Debug|Any CPU.ActiveCfg = Debug|Any CPU
		{163BD877-DBC5-4F3F-A24E-529B5018715E}.Debug|Any CPU.Build.0 = Debug|Any CPU
		{163BD877-DBC5-4F3F-A24E-529B5018715E}.Release|Any CPU.ActiveCfg = Release|Any CPU
		{163BD877-DBC5-4F3F-A24E-529B5018715E}.Release|Any CPU.Build.0 = Release|Any CPU
	EndGlobalSection
	GlobalSection(SolutionProperties) = preSolution
		HideSolutionNode = FALSE
	EndGlobalSection
	GlobalSection(ExtensibilityGlobals) = postSolution
		SolutionGuid = {28D86FD0-82E2-4696-AC76-822D19E16464}
	EndGlobalSection
EndGlobal
